
Microsoft Visual Studio Solution File, Format Version 12.00
# Visual Studio Version 16
VisualStudioVersion = 25.0.1706.7
MinimumVisualStudioVersion = 10.0.40219.1
Project("{FAE04EC0-301F-11D3-BF4B-00C04F79EFBC}") = "Opencast.LearnByDoing", "Opencast.LearnByDoing\Opencast.LearnByDoing.csproj", "{D65FF3AC-98B6-4563-86CD-F2F0564FF518}"
EndProject
Global
	GlobalSection(SolutionConfigurationPlatforms) = preSolution
		Debug|Any CPU = Debug|Any CPU
		Release|Any CPU = Release|Any CPU
	EndGlobalSection
	GlobalSection(ProjectConfigurationPlatforms) = postSolution
		{D65FF3AC-98B6-4563-86CD-F2F0564FF518}.Debug|Any CPU.ActiveCfg = Debug|Any CPU
		{D65FF3AC-98B6-4563-86CD-F2F0564FF518}.Debug|Any CPU.Build.0 = Debug|Any CPU
		{D65FF3AC-98B6-4563-86CD-F2F0564FF518}.Release|Any CPU.ActiveCfg = Release|Any CPU
		{D65FF3AC-98B6-4563-86CD-F2F0564FF518}.Release|Any CPU.Build.0 = Release|Any CPU
	EndGlobalSection
	GlobalSection(SolutionProperties) = preSolution
		HideSolutionNode = FALSE
	EndGlobalSection
	GlobalSection(ExtensibilityGlobals) = postSolution
		SolutionGuid = {8DCA34E4-A78A-4694-91E8-12CF7DB6F417}
	EndGlobalSection
EndGlobal
